
Microsoft Visual Studio Solution File, Format Version 12.00
# Visual Studio Version 17
VisualStudioVersion = 17.6.33801.468
MinimumVisualStudioVersion = 10.0.40219.1
Project("{FAE04EC0-301F-11D3-BF4B-00C04F79EFBC}") = "Kalkulator kilometrów", "Kalkulator kilometrów\Kalkulator kilometrów.csproj", "{AC30E554-1FC4-4920-B9EB-03A39842D392}"
EndProject
Global
	GlobalSection(SolutionConfigurationPlatforms) = preSolution
		Debug|Any CPU = Debug|Any CPU
		Release|Any CPU = Release|Any CPU
	EndGlobalSection
	GlobalSection(ProjectConfigurationPlatforms) = postSolution
		{AC30E554-1FC4-4920-B9EB-03A39842D392}.Debug|Any CPU.ActiveCfg = Debug|Any CPU
		{AC30E554-1FC4-4920-B9EB-03A39842D392}.Debug|Any CPU.Build.0 = Debug|Any CPU
		{AC30E554-1FC4-4920-B9EB-03A39842D392}.Release|Any CPU.ActiveCfg = Release|Any CPU
		{AC30E554-1FC4-4920-B9EB-03A39842D392}.Release|Any CPU.Build.0 = Release|Any CPU
	EndGlobalSection
	GlobalSection(SolutionProperties) = preSolution
		HideSolutionNode = FALSE
	EndGlobalSection
	GlobalSection(ExtensibilityGlobals) = postSolution
		SolutionGuid = {DF87E7B6-F0DE-40C0-B792-95E0DD55B90E}
	EndGlobalSection
EndGlobal
